{
  "name": "crypto_pulse",
  "version": "1.0.0",
  "lockfileVersion": 3,
  "requires": true,
  "packages": {
    "": {
      "name": "crypto_pulse",
      "version": "1.0.0",
      "license": "ISC",
      "dependencies": {
        "crypto_pulse": "file:"
      }
    },
    "node_modules/crypto_pulse": {
      "resolved": "",
      "link": true
    }
  }
}
